
Microsoft Visual Studio Solution File, Format Version 12.00
# Visual Studio Version 17
VisualStudioVersion = 17.14.36518.9
MinimumVisualStudioVersion = 10.0.40219.1
Project("{FAE04EC0-301F-11D3-BF4B-00C04F79EFBC}") = "MinutiaeBackend", "MinutiaeBackend\MinutiaeBackend.csproj", "{BBE3C776-98E1-4ABF-B6BF-6F54422DA310}"
EndProject
Project("{FAE04EC0-301F-11D3-BF4B-00C04F79EFBC}") = "FeastExFrontend", "FeastExFrontend\FeastExFrontend.csproj", "{DDC3D09C-122F-47D9-9497-AF6B52FBCBDF}"
EndProject
Project("{FAE04EC0-301F-11D3-BF4B-00C04F79EFBC}") = "FeastExBackend", "FeastExBackend\FeastExBackend.csproj", "{66A2724A-E7A1-4DB9-A326-8CDEF9A730C2}"
EndProject
Project("{FAE04EC0-301F-11D3-BF4B-00C04F79EFBC}") = "SwitchTongdaoBackend", "SwitchTongdaoBacnend\SwitchTongdaoBackend.csproj", "{C84228AB-44F5-A5D7-DF59-4DF2FA0F540D}"
EndProject
Project("{FAE04EC0-301F-11D3-BF4B-00C04F79EFBC}") = "NpcFaceFrontend", "NpcFaceFrontend\NpcFaceFrontend.csproj", "{3417E559-0D7F-613F-D864-EEF29595A0B3}"
EndProject
Project("{FAE04EC0-301F-11D3-BF4B-00C04F79EFBC}") = "MinutiaeFrontend", "MinutiaeFrontend\MinutiaeFrontend.csproj", "{AFA07480-4C06-BD36-C17E-85F54B4B42F2}"
EndProject
Project("{FAE04EC0-301F-11D3-BF4B-00C04F79EFBC}") = "QuickKeyFrontend", "QuickKeyFrontend\QuickKeyFrontend.csproj", "{C5DFD1D2-DA98-4CFE-3BF8-30DBCDB29290}"
EndProject
Project("{FAE04EC0-301F-11D3-BF4B-00C04F79EFBC}") = "ArrowKeyFrontend", "ArrowKeyFrontend\ArrowKeyFrontend.csproj", "{1EB1269B-7317-973A-C71D-BD0EFA874621}"
EndProject
Project("{FAE04EC0-301F-11D3-BF4B-00C04F79EFBC}") = "MouseKeyFrontend", "MouseKeyFrontend\MouseKeyFrontend.csproj", "{F4F1C4CF-FBBA-AABD-BDEF-6254F7897AE6}"
EndProject
Project("{FAE04EC0-301F-11D3-BF4B-00C04F79EFBC}") = "WinBetterFrontend", "WinBetterFrontend\WinBetterFrontend.csproj", "{29C73D86-E0DC-A105-7CD4-AC557086A5F6}"
EndProject
Project("{FAE04EC0-301F-11D3-BF4B-00C04F79EFBC}") = "WeightAnalyzeFrontend", "WeightAnalyzeFrontend\WeightAnalyzeFrontend.csproj", "{C2D1A359-8F5D-2FB8-3AB5-98604F7490AE}"
EndProject
Project("{FAE04EC0-301F-11D3-BF4B-00C04F79EFBC}") = "EquipTypeFrontend", "EquipTypeFrontend\EquipTypeFrontend.csproj", "{5BF9B854-53DD-234A-9679-6C7D07678992}"
EndProject
Project("{FAE04EC0-301F-11D3-BF4B-00C04F79EFBC}") = "TuYiLeFrontend", "TuYiLeFrontend\TuYiLeFrontend.csproj", "{050D8ED4-21D0-8F0F-EEB7-A2938E43B4DF}"
EndProject
Project("{FAE04EC0-301F-11D3-BF4B-00C04F79EFBC}") = "InGameHelperFrontend", "InGameHelperFrontend\InGameHelperFrontend.csproj", "{7095EE02-7256-4BBF-A81A-E2361EDDB6D6}"
EndProject
Project("{FAE04EC0-301F-11D3-BF4B-00C04F79EFBC}") = "InGameHelperBackend", "InGameHelperBackend\InGameHelperBackend.csproj", "{13E2532C-D00C-4D4C-A368-AB8B765F040E}"
EndProject
Project("{FAE04EC0-301F-11D3-BF4B-00C04F79EFBC}") = "InGameHelperCommon", "InGameHelperCommon\InGameHelperCommon.csproj", "{2B323475-D0B3-4D61-B326-6CA4276A61A8}"
EndProject
Project("{FAE04EC0-301F-11D3-BF4B-00C04F79EFBC}") = "UabHookerFrontend", "UabHookerFrontend\UabHookerFrontend.csproj", "{554D5D7A-0341-43D8-9647-CDBA1C3A7A79}"
EndProject
Project("{FAE04EC0-301F-11D3-BF4B-00C04F79EFBC}") = "LoadBgFrontend", "LoadBgFrontend\LoadBgFrontend.csproj", "{ADB5B7EC-F4A2-4142-ADA2-EBE884D18F6D}"
EndProject
Project("{FAE04EC0-301F-11D3-BF4B-00C04F79EFBC}") = "DepPopupFrontend", "DepPopupFrontend\DepPopupFrontend.csproj", "{0678850C-2704-4BE8-8914-86CA1E1B6CD9}"
EndProject
Project("{FAE04EC0-301F-11D3-BF4B-00C04F79EFBC}") = "LiaoRanBackend", "LiaoRanBackend\LiaoRanBackend.csproj", "{5E2A42AF-7226-45F9-BF2A-FF4C111149D9}"
EndProject
Project("{FAE04EC0-301F-11D3-BF4B-00C04F79EFBC}") = "LiaoRanFrontend", "LiaoRanFrontend\LiaoRanFrontend.csproj", "{390360AB-67BB-404A-8DBB-134B7235A123}"
EndProject
Project("{FAE04EC0-301F-11D3-BF4B-00C04F79EFBC}") = "ModSetFrontend", "ModSetFrontend\ModSetFrontend.csproj", "{9DF4B618-292B-4C4F-9B0C-CAAC25A3E42A}"
EndProject
Global
	GlobalSection(SolutionConfigurationPlatforms) = preSolution
		Debug|Any CPU = Debug|Any CPU
		Debug|x64 = Debug|x64
		Debug|x86 = Debug|x86
		Release|Any CPU = Release|Any CPU
		Release|x64 = Release|x64
		Release|x86 = Release|x86
	EndGlobalSection
	GlobalSection(ProjectConfigurationPlatforms) = postSolution
		{BBE3C776-98E1-4ABF-B6BF-6F54422DA310}.Debug|Any CPU.ActiveCfg = Debug|Any CPU
		{BBE3C776-98E1-4ABF-B6BF-6F54422DA310}.Debug|Any CPU.Build.0 = Debug|Any CPU
		{BBE3C776-98E1-4ABF-B6BF-6F54422DA310}.Debug|x64.ActiveCfg = Debug|Any CPU
		{BBE3C776-98E1-4ABF-B6BF-6F54422DA310}.Debug|x64.Build.0 = Debug|Any CPU
		{BBE3C776-98E1-4ABF-B6BF-6F54422DA310}.Debug|x86.ActiveCfg = Debug|Any CPU
		{BBE3C776-98E1-4ABF-B6BF-6F54422DA310}.Debug|x86.Build.0 = Debug|Any CPU
		{BBE3C776-98E1-4ABF-B6BF-6F54422DA310}.Release|Any CPU.ActiveCfg = Release|Any CPU
		{BBE3C776-98E1-4ABF-B6BF-6F54422DA310}.Release|Any CPU.Build.0 = Release|Any CPU
		{BBE3C776-98E1-4ABF-B6BF-6F54422DA310}.Release|x64.ActiveCfg = Release|Any CPU
		{BBE3C776-98E1-4ABF-B6BF-6F54422DA310}.Release|x64.Build.0 = Release|Any CPU
		{BBE3C776-98E1-4ABF-B6BF-6F54422DA310}.Release|x86.ActiveCfg = Release|Any CPU
		{BBE3C776-98E1-4ABF-B6BF-6F54422DA310}.Release|x86.Build.0 = Release|Any CPU
		{DDC3D09C-122F-47D9-9497-AF6B52FBCBDF}.Debug|Any CPU.ActiveCfg = Debug|Any CPU
		{DDC3D09C-122F-47D9-9497-AF6B52FBCBDF}.Debug|Any CPU.Build.0 = Debug|Any CPU
		{DDC3D09C-122F-47D9-9497-AF6B52FBCBDF}.Debug|x64.ActiveCfg = Debug|Any CPU
		{DDC3D09C-122F-47D9-9497-AF6B52FBCBDF}.Debug|x64.Build.0 = Debug|Any CPU
		{DDC3D09C-122F-47D9-9497-AF6B52FBCBDF}.Debug|x86.ActiveCfg = Debug|Any CPU
		{DDC3D09C-122F-47D9-9497-AF6B52FBCBDF}.Debug|x86.Build.0 = Debug|Any CPU
		{DDC3D09C-122F-47D9-9497-AF6B52FBCBDF}.Release|Any CPU.ActiveCfg = Release|Any CPU
		{DDC3D09C-122F-47D9-9497-AF6B52FBCBDF}.Release|Any CPU.Build.0 = Release|Any CPU
		{DDC3D09C-122F-47D9-9497-AF6B52FBCBDF}.Release|x64.ActiveCfg = Release|Any CPU
		{DDC3D09C-122F-47D9-9497-AF6B52FBCBDF}.Release|x64.Build.0 = Release|Any CPU
		{DDC3D09C-122F-47D9-9497-AF6B52FBCBDF}.Release|x86.ActiveCfg = Release|Any CPU
		{DDC3D09C-122F-47D9-9497-AF6B52FBCBDF}.Release|x86.Build.0 = Release|Any CPU
		{66A2724A-E7A1-4DB9-A326-8CDEF9A730C2}.Debug|Any CPU.ActiveCfg = Debug|Any CPU
		{66A2724A-E7A1-4DB9-A326-8CDEF9A730C2}.Debug|Any CPU.Build.0 = Debug|Any CPU
		{66A2724A-E7A1-4DB9-A326-8CDEF9A730C2}.Debug|x64.ActiveCfg = Debug|Any CPU
		{66A2724A-E7A1-4DB9-A326-8CDEF9A730C2}.Debug|x64.Build.0 = Debug|Any CPU
		{66A2724A-E7A1-4DB9-A326-8CDEF9A730C2}.Debug|x86.ActiveCfg = Debug|Any CPU
		{66A2724A-E7A1-4DB9-A326-8CDEF9A730C2}.Debug|x86.Build.0 = Debug|Any CPU
		{66A2724A-E7A1-4DB9-A326-8CDEF9A730C2}.Release|Any CPU.ActiveCfg = Release|Any CPU
		{66A2724A-E7A1-4DB9-A326-8CDEF9A730C2}.Release|Any CPU.Build.0 = Release|Any CPU
		{66A2724A-E7A1-4DB9-A326-8CDEF9A730C2}.Release|x64.ActiveCfg = Release|Any CPU
		{66A2724A-E7A1-4DB9-A326-8CDEF9A730C2}.Release|x64.Build.0 = Release|Any CPU
		{66A2724A-E7A1-4DB9-A326-8CDEF9A730C2}.Release|x86.ActiveCfg = Release|Any CPU
		{66A2724A-E7A1-4DB9-A326-8CDEF9A730C2}.Release|x86.Build.0 = Release|Any CPU
		{C84228AB-44F5-A5D7-DF59-4DF2FA0F540D}.Debug|Any CPU.ActiveCfg = Debug|Any CPU
		{C84228AB-44F5-A5D7-DF59-4DF2FA0F540D}.Debug|Any CPU.Build.0 = Debug|Any CPU
		{C84228AB-44F5-A5D7-DF59-4DF2FA0F540D}.Debug|x64.ActiveCfg = Debug|Any CPU
		{C84228AB-44F5-A5D7-DF59-4DF2FA0F540D}.Debug|x64.Build.0 = Debug|Any CPU
		{C84228AB-44F5-A5D7-DF59-4DF2FA0F540D}.Debug|x86.ActiveCfg = Debug|Any CPU
		{C84228AB-44F5-A5D7-DF59-4DF2FA0F540D}.Debug|x86.Build.0 = Debug|Any CPU
		{C84228AB-44F5-A5D7-DF59-4DF2FA0F540D}.Release|Any CPU.ActiveCfg = Release|Any CPU
		{C84228AB-44F5-A5D7-DF59-4DF2FA0F540D}.Release|Any CPU.Build.0 = Release|Any CPU
		{C84228AB-44F5-A5D7-DF59-4DF2FA0F540D}.Release|x64.ActiveCfg = Release|Any CPU
		{C84228AB-44F5-A5D7-DF59-4DF2FA0F540D}.Release|x64.Build.0 = Release|Any CPU
		{C84228AB-44F5-A5D7-DF59-4DF2FA0F540D}.Release|x86.ActiveCfg = Release|Any CPU
		{C84228AB-44F5-A5D7-DF59-4DF2FA0F540D}.Release|x86.Build.0 = Release|Any CPU
		{3417E559-0D7F-613F-D864-EEF29595A0B3}.Debug|Any CPU.ActiveCfg = Debug|Any CPU
		{3417E559-0D7F-613F-D864-EEF29595A0B3}.Debug|Any CPU.Build.0 = Debug|Any CPU
		{3417E559-0D7F-613F-D864-EEF29595A0B3}.Debug|x64.ActiveCfg = Debug|Any CPU
		{3417E559-0D7F-613F-D864-EEF29595A0B3}.Debug|x64.Build.0 = Debug|Any CPU
		{3417E559-0D7F-613F-D864-EEF29595A0B3}.Debug|x86.ActiveCfg = Debug|Any CPU
		{3417E559-0D7F-613F-D864-EEF29595A0B3}.Debug|x86.Build.0 = Debug|Any CPU
		{3417E559-0D7F-613F-D864-EEF29595A0B3}.Release|Any CPU.ActiveCfg = Release|Any CPU
		{3417E559-0D7F-613F-D864-EEF29595A0B3}.Release|Any CPU.Build.0 = Release|Any CPU
		{3417E559-0D7F-613F-D864-EEF29595A0B3}.Release|x64.ActiveCfg = Release|Any CPU
		{3417E559-0D7F-613F-D864-EEF29595A0B3}.Release|x64.Build.0 = Release|Any CPU
		{3417E559-0D7F-613F-D864-EEF29595A0B3}.Release|x86.ActiveCfg = Release|Any CPU
		{3417E559-0D7F-613F-D864-EEF29595A0B3}.Release|x86.Build.0 = Release|Any CPU
		{AFA07480-4C06-BD36-C17E-85F54B4B42F2}.Debug|Any CPU.ActiveCfg = Debug|Any CPU
		{AFA07480-4C06-BD36-C17E-85F54B4B42F2}.Debug|Any CPU.Build.0 = Debug|Any CPU
		{AFA07480-4C06-BD36-C17E-85F54B4B42F2}.Debug|x64.ActiveCfg = Debug|Any CPU
		{AFA07480-4C06-BD36-C17E-85F54B4B42F2}.Debug|x64.Build.0 = Debug|Any CPU
		{AFA07480-4C06-BD36-C17E-85F54B4B42F2}.Debug|x86.ActiveCfg = Debug|Any CPU
		{AFA07480-4C06-BD36-C17E-85F54B4B42F2}.Debug|x86.Build.0 = Debug|Any CPU
		{AFA07480-4C06-BD36-C17E-85F54B4B42F2}.Release|Any CPU.ActiveCfg = Release|Any CPU
		{AFA07480-4C06-BD36-C17E-85F54B4B42F2}.Release|Any CPU.Build.0 = Release|Any CPU
		{AFA07480-4C06-BD36-C17E-85F54B4B42F2}.Release|x64.ActiveCfg = Release|Any CPU
		{AFA07480-4C06-BD36-C17E-85F54B4B42F2}.Release|x64.Build.0 = Release|Any CPU
		{AFA07480-4C06-BD36-C17E-85F54B4B42F2}.Release|x86.ActiveCfg = Release|Any CPU
		{AFA07480-4C06-BD36-C17E-85F54B4B42F2}.Release|x86.Build.0 = Release|Any CPU
		{C5DFD1D2-DA98-4CFE-3BF8-30DBCDB29290}.Debug|Any CPU.ActiveCfg = Debug|Any CPU
		{C5DFD1D2-DA98-4CFE-3BF8-30DBCDB29290}.Debug|Any CPU.Build.0 = Debug|Any CPU
		{C5DFD1D2-DA98-4CFE-3BF8-30DBCDB29290}.Debug|x64.ActiveCfg = Debug|Any CPU
		{C5DFD1D2-DA98-4CFE-3BF8-30DBCDB29290}.Debug|x64.Build.0 = Debug|Any CPU
		{C5DFD1D2-DA98-4CFE-3BF8-30DBCDB29290}.Debug|x86.ActiveCfg = Debug|Any CPU
		{C5DFD1D2-DA98-4CFE-3BF8-30DBCDB29290}.Debug|x86.Build.0 = Debug|Any CPU
		{C5DFD1D2-DA98-4CFE-3BF8-30DBCDB29290}.Release|Any CPU.ActiveCfg = Release|Any CPU
		{C5DFD1D2-DA98-4CFE-3BF8-30DBCDB29290}.Release|Any CPU.Build.0 = Release|Any CPU
		{C5DFD1D2-DA98-4CFE-3BF8-30DBCDB29290}.Release|x64.ActiveCfg = Release|Any CPU
		{C5DFD1D2-DA98-4CFE-3BF8-30DBCDB29290}.Release|x64.Build.0 = Release|Any CPU
		{C5DFD1D2-DA98-4CFE-3BF8-30DBCDB29290}.Release|x86.ActiveCfg = Release|Any CPU
		{C5DFD1D2-DA98-4CFE-3BF8-30DBCDB29290}.Release|x86.Build.0 = Release|Any CPU
		{1EB1269B-7317-973A-C71D-BD0EFA874621}.Debug|Any CPU.ActiveCfg = Debug|Any CPU
		{1EB1269B-7317-973A-C71D-BD0EFA874621}.Debug|Any CPU.Build.0 = Debug|Any CPU
		{1EB1269B-7317-973A-C71D-BD0EFA874621}.Debug|x64.ActiveCfg = Debug|Any CPU
		{1EB1269B-7317-973A-C71D-BD0EFA874621}.Debug|x64.Build.0 = Debug|Any CPU
		{1EB1269B-7317-973A-C71D-BD0EFA874621}.Debug|x86.ActiveCfg = Debug|Any CPU
		{1EB1269B-7317-973A-C71D-BD0EFA874621}.Debug|x86.Build.0 = Debug|Any CPU
		{1EB1269B-7317-973A-C71D-BD0EFA874621}.Release|Any CPU.ActiveCfg = Release|Any CPU
		{1EB1269B-7317-973A-C71D-BD0EFA874621}.Release|Any CPU.Build.0 = Release|Any CPU
		{1EB1269B-7317-973A-C71D-BD0EFA874621}.Release|x64.ActiveCfg = Release|Any CPU
		{1EB1269B-7317-973A-C71D-BD0EFA874621}.Release|x64.Build.0 = Release|Any CPU
		{1EB1269B-7317-973A-C71D-BD0EFA874621}.Release|x86.ActiveCfg = Release|Any CPU
		{1EB1269B-7317-973A-C71D-BD0EFA874621}.Release|x86.Build.0 = Release|Any CPU
		{F4F1C4CF-FBBA-AABD-BDEF-6254F7897AE6}.Debug|Any CPU.ActiveCfg = Debug|Any CPU
		{F4F1C4CF-FBBA-AABD-BDEF-6254F7897AE6}.Debug|Any CPU.Build.0 = Debug|Any CPU
		{F4F1C4CF-FBBA-AABD-BDEF-6254F7897AE6}.Debug|x64.ActiveCfg = Debug|Any CPU
		{F4F1C4CF-FBBA-AABD-BDEF-6254F7897AE6}.Debug|x64.Build.0 = Debug|Any CPU
		{F4F1C4CF-FBBA-AABD-BDEF-6254F7897AE6}.Debug|x86.ActiveCfg = Debug|Any CPU
		{F4F1C4CF-FBBA-AABD-BDEF-6254F7897AE6}.Debug|x86.Build.0 = Debug|Any CPU
		{F4F1C4CF-FBBA-AABD-BDEF-6254F7897AE6}.Release|Any CPU.ActiveCfg = Release|Any CPU
		{F4F1C4CF-FBBA-AABD-BDEF-6254F7897AE6}.Release|Any CPU.Build.0 = Release|Any CPU
		{F4F1C4CF-FBBA-AABD-BDEF-6254F7897AE6}.Release|x64.ActiveCfg = Release|Any CPU
		{F4F1C4CF-FBBA-AABD-BDEF-6254F7897AE6}.Release|x64.Build.0 = Release|Any CPU
		{F4F1C4CF-FBBA-AABD-BDEF-6254F7897AE6}.Release|x86.ActiveCfg = Release|Any CPU
		{F4F1C4CF-FBBA-AABD-BDEF-6254F7897AE6}.Release|x86.Build.0 = Release|Any CPU
		{29C73D86-E0DC-A105-7CD4-AC557086A5F6}.Debug|Any CPU.ActiveCfg = Debug|Any CPU
		{29C73D86-E0DC-A105-7CD4-AC557086A5F6}.Debug|Any CPU.Build.0 = Debug|Any CPU
		{29C73D86-E0DC-A105-7CD4-AC557086A5F6}.Debug|x64.ActiveCfg = Debug|Any CPU
		{29C73D86-E0DC-A105-7CD4-AC557086A5F6}.Debug|x64.Build.0 = Debug|Any CPU
		{29C73D86-E0DC-A105-7CD4-AC557086A5F6}.Debug|x86.ActiveCfg = Debug|Any CPU
		{29C73D86-E0DC-A105-7CD4-AC557086A5F6}.Debug|x86.Build.0 = Debug|Any CPU
		{29C73D86-E0DC-A105-7CD4-AC557086A5F6}.Release|Any CPU.ActiveCfg = Release|Any CPU
		{29C73D86-E0DC-A105-7CD4-AC557086A5F6}.Release|Any CPU.Build.0 = Release|Any CPU
		{29C73D86-E0DC-A105-7CD4-AC557086A5F6}.Release|x64.ActiveCfg = Release|Any CPU
		{29C73D86-E0DC-A105-7CD4-AC557086A5F6}.Release|x64.Build.0 = Release|Any CPU
		{29C73D86-E0DC-A105-7CD4-AC557086A5F6}.Release|x86.ActiveCfg = Release|Any CPU
		{29C73D86-E0DC-A105-7CD4-AC557086A5F6}.Release|x86.Build.0 = Release|Any CPU
		{C2D1A359-8F5D-2FB8-3AB5-98604F7490AE}.Debug|Any CPU.ActiveCfg = Debug|Any CPU
		{C2D1A359-8F5D-2FB8-3AB5-98604F7490AE}.Debug|Any CPU.Build.0 = Debug|Any CPU
		{C2D1A359-8F5D-2FB8-3AB5-98604F7490AE}.Debug|x64.ActiveCfg = Debug|Any CPU
		{C2D1A359-8F5D-2FB8-3AB5-98604F7490AE}.Debug|x64.Build.0 = Debug|Any CPU
		{C2D1A359-8F5D-2FB8-3AB5-98604F7490AE}.Debug|x86.ActiveCfg = Debug|Any CPU
		{C2D1A359-8F5D-2FB8-3AB5-98604F7490AE}.Debug|x86.Build.0 = Debug|Any CPU
		{C2D1A359-8F5D-2FB8-3AB5-98604F7490AE}.Release|Any CPU.ActiveCfg = Release|Any CPU
		{C2D1A359-8F5D-2FB8-3AB5-98604F7490AE}.Release|Any CPU.Build.0 = Release|Any CPU
		{C2D1A359-8F5D-2FB8-3AB5-98604F7490AE}.Release|x64.ActiveCfg = Release|Any CPU
		{C2D1A359-8F5D-2FB8-3AB5-98604F7490AE}.Release|x64.Build.0 = Release|Any CPU
		{C2D1A359-8F5D-2FB8-3AB5-98604F7490AE}.Release|x86.ActiveCfg = Release|Any CPU
		{C2D1A359-8F5D-2FB8-3AB5-98604F7490AE}.Release|x86.Build.0 = Release|Any CPU
		{5BF9B854-53DD-234A-9679-6C7D07678992}.Debug|Any CPU.ActiveCfg = Debug|Any CPU
		{5BF9B854-53DD-234A-9679-6C7D07678992}.Debug|Any CPU.Build.0 = Debug|Any CPU
		{5BF9B854-53DD-234A-9679-6C7D07678992}.Debug|x64.ActiveCfg = Debug|Any CPU
		{5BF9B854-53DD-234A-9679-6C7D07678992}.Debug|x64.Build.0 = Debug|Any CPU
		{5BF9B854-53DD-234A-9679-6C7D07678992}.Debug|x86.ActiveCfg = Debug|Any CPU
		{5BF9B854-53DD-234A-9679-6C7D07678992}.Debug|x86.Build.0 = Debug|Any CPU
		{5BF9B854-53DD-234A-9679-6C7D07678992}.Release|Any CPU.ActiveCfg = Release|Any CPU
		{5BF9B854-53DD-234A-9679-6C7D07678992}.Release|Any CPU.Build.0 = Release|Any CPU
		{5BF9B854-53DD-234A-9679-6C7D07678992}.Release|x64.ActiveCfg = Release|Any CPU
		{5BF9B854-53DD-234A-9679-6C7D07678992}.Release|x64.Build.0 = Release|Any CPU
		{5BF9B854-53DD-234A-9679-6C7D07678992}.Release|x86.ActiveCfg = Release|Any CPU
		{5BF9B854-53DD-234A-9679-6C7D07678992}.Release|x86.Build.0 = Release|Any CPU
		{050D8ED4-21D0-8F0F-EEB7-A2938E43B4DF}.Debug|Any CPU.ActiveCfg = Debug|Any CPU
		{050D8ED4-21D0-8F0F-EEB7-A2938E43B4DF}.Debug|Any CPU.Build.0 = Debug|Any CPU
		{050D8ED4-21D0-8F0F-EEB7-A2938E43B4DF}.Debug|x64.ActiveCfg = Debug|Any CPU
		{050D8ED4-21D0-8F0F-EEB7-A2938E43B4DF}.Debug|x64.Build.0 = Debug|Any CPU
		{050D8ED4-21D0-8F0F-EEB7-A2938E43B4DF}.Debug|x86.ActiveCfg = Debug|Any CPU
		{050D8ED4-21D0-8F0F-EEB7-A2938E43B4DF}.Debug|x86.Build.0 = Debug|Any CPU
		{050D8ED4-21D0-8F0F-EEB7-A2938E43B4DF}.Release|Any CPU.ActiveCfg = Release|Any CPU
		{050D8ED4-21D0-8F0F-EEB7-A2938E43B4DF}.Release|Any CPU.Build.0 = Release|Any CPU
		{050D8ED4-21D0-8F0F-EEB7-A2938E43B4DF}.Release|x64.ActiveCfg = Release|Any CPU
		{050D8ED4-21D0-8F0F-EEB7-A2938E43B4DF}.Release|x64.Build.0 = Release|Any CPU
		{050D8ED4-21D0-8F0F-EEB7-A2938E43B4DF}.Release|x86.ActiveCfg = Release|Any CPU
		{050D8ED4-21D0-8F0F-EEB7-A2938E43B4DF}.Release|x86.Build.0 = Release|Any CPU
		{7095EE02-7256-4BBF-A81A-E2361EDDB6D6}.Debug|Any CPU.ActiveCfg = Debug|Any CPU
		{7095EE02-7256-4BBF-A81A-E2361EDDB6D6}.Debug|Any CPU.Build.0 = Debug|Any CPU
		{7095EE02-7256-4BBF-A81A-E2361EDDB6D6}.Debug|x64.ActiveCfg = Debug|Any CPU
		{7095EE02-7256-4BBF-A81A-E2361EDDB6D6}.Debug|x64.Build.0 = Debug|Any CPU
		{7095EE02-7256-4BBF-A81A-E2361EDDB6D6}.Debug|x86.ActiveCfg = Debug|Any CPU
		{7095EE02-7256-4BBF-A81A-E2361EDDB6D6}.Debug|x86.Build.0 = Debug|Any CPU
		{7095EE02-7256-4BBF-A81A-E2361EDDB6D6}.Release|Any CPU.ActiveCfg = Release|Any CPU
		{7095EE02-7256-4BBF-A81A-E2361EDDB6D6}.Release|Any CPU.Build.0 = Release|Any CPU
		{7095EE02-7256-4BBF-A81A-E2361EDDB6D6}.Release|x64.ActiveCfg = Release|Any CPU
		{7095EE02-7256-4BBF-A81A-E2361EDDB6D6}.Release|x64.Build.0 = Release|Any CPU
		{7095EE02-7256-4BBF-A81A-E2361EDDB6D6}.Release|x86.ActiveCfg = Release|Any CPU
		{7095EE02-7256-4BBF-A81A-E2361EDDB6D6}.Release|x86.Build.0 = Release|Any CPU
		{13E2532C-D00C-4D4C-A368-AB8B765F040E}.Debug|Any CPU.ActiveCfg = Debug|Any CPU
		{13E2532C-D00C-4D4C-A368-AB8B765F040E}.Debug|Any CPU.Build.0 = Debug|Any CPU
		{13E2532C-D00C-4D4C-A368-AB8B765F040E}.Debug|x64.ActiveCfg = Debug|Any CPU
		{13E2532C-D00C-4D4C-A368-AB8B765F040E}.Debug|x64.Build.0 = Debug|Any CPU
		{13E2532C-D00C-4D4C-A368-AB8B765F040E}.Debug|x86.ActiveCfg = Debug|Any CPU
		{13E2532C-D00C-4D4C-A368-AB8B765F040E}.Debug|x86.Build.0 = Debug|Any CPU
		{13E2532C-D00C-4D4C-A368-AB8B765F040E}.Release|Any CPU.ActiveCfg = Release|Any CPU
		{13E2532C-D00C-4D4C-A368-AB8B765F040E}.Release|Any CPU.Build.0 = Release|Any CPU
		{13E2532C-D00C-4D4C-A368-AB8B765F040E}.Release|x64.ActiveCfg = Release|Any CPU
		{13E2532C-D00C-4D4C-A368-AB8B765F040E}.Release|x64.Build.0 = Release|Any CPU
		{13E2532C-D00C-4D4C-A368-AB8B765F040E}.Release|x86.ActiveCfg = Release|Any CPU
		{13E2532C-D00C-4D4C-A368-AB8B765F040E}.Release|x86.Build.0 = Release|Any CPU
		{2B323475-D0B3-4D61-B326-6CA4276A61A8}.Debug|Any CPU.ActiveCfg = Debug|Any CPU
		{2B323475-D0B3-4D61-B326-6CA4276A61A8}.Debug|Any CPU.Build.0 = Debug|Any CPU
		{2B323475-D0B3-4D61-B326-6CA4276A61A8}.Debug|x64.ActiveCfg = Debug|Any CPU
		{2B323475-D0B3-4D61-B326-6CA4276A61A8}.Debug|x64.Build.0 = Debug|Any CPU
		{2B323475-D0B3-4D61-B326-6CA4276A61A8}.Debug|x86.ActiveCfg = Debug|Any CPU
		{2B323475-D0B3-4D61-B326-6CA4276A61A8}.Debug|x86.Build.0 = Debug|Any CPU
		{2B323475-D0B3-4D61-B326-6CA4276A61A8}.Release|Any CPU.ActiveCfg = Release|Any CPU
		{2B323475-D0B3-4D61-B326-6CA4276A61A8}.Release|Any CPU.Build.0 = Release|Any CPU
		{2B323475-D0B3-4D61-B326-6CA4276A61A8}.Release|x64.ActiveCfg = Release|Any CPU
		{2B323475-D0B3-4D61-B326-6CA4276A61A8}.Release|x64.Build.0 = Release|Any CPU
		{2B323475-D0B3-4D61-B326-6CA4276A61A8}.Release|x86.ActiveCfg = Release|Any CPU
		{2B323475-D0B3-4D61-B326-6CA4276A61A8}.Release|x86.Build.0 = Release|Any CPU
		{554D5D7A-0341-43D8-9647-CDBA1C3A7A79}.Debug|Any CPU.ActiveCfg = Debug|Any CPU
		{554D5D7A-0341-43D8-9647-CDBA1C3A7A79}.Debug|Any CPU.Build.0 = Debug|Any CPU
		{554D5D7A-0341-43D8-9647-CDBA1C3A7A79}.Debug|x64.ActiveCfg = Debug|Any CPU
		{554D5D7A-0341-43D8-9647-CDBA1C3A7A79}.Debug|x64.Build.0 = Debug|Any CPU
		{554D5D7A-0341-43D8-9647-CDBA1C3A7A79}.Debug|x86.ActiveCfg = Debug|Any CPU
		{554D5D7A-0341-43D8-9647-CDBA1C3A7A79}.Debug|x86.Build.0 = Debug|Any CPU
		{554D5D7A-0341-43D8-9647-CDBA1C3A7A79}.Release|Any CPU.ActiveCfg = Release|Any CPU
		{554D5D7A-0341-43D8-9647-CDBA1C3A7A79}.Release|Any CPU.Build.0 = Release|Any CPU
		{554D5D7A-0341-43D8-9647-CDBA1C3A7A79}.Release|x64.ActiveCfg = Release|Any CPU
		{554D5D7A-0341-43D8-9647-CDBA1C3A7A79}.Release|x64.Build.0 = Release|Any CPU
		{554D5D7A-0341-43D8-9647-CDBA1C3A7A79}.Release|x86.ActiveCfg = Release|Any CPU
		{554D5D7A-0341-43D8-9647-CDBA1C3A7A79}.Release|x86.Build.0 = Release|Any CPU
		{ADB5B7EC-F4A2-4142-ADA2-EBE884D18F6D}.Debug|Any CPU.ActiveCfg = Debug|Any CPU
		{ADB5B7EC-F4A2-4142-ADA2-EBE884D18F6D}.Debug|Any CPU.Build.0 = Debug|Any CPU
		{ADB5B7EC-F4A2-4142-ADA2-EBE884D18F6D}.Debug|x64.ActiveCfg = Debug|Any CPU
		{ADB5B7EC-F4A2-4142-ADA2-EBE884D18F6D}.Debug|x64.Build.0 = Debug|Any CPU
		{ADB5B7EC-F4A2-4142-ADA2-EBE884D18F6D}.Debug|x86.ActiveCfg = Debug|Any CPU
		{ADB5B7EC-F4A2-4142-ADA2-EBE884D18F6D}.Debug|x86.Build.0 = Debug|Any CPU
		{ADB5B7EC-F4A2-4142-ADA2-EBE884D18F6D}.Release|Any CPU.ActiveCfg = Release|Any CPU
		{ADB5B7EC-F4A2-4142-ADA2-EBE884D18F6D}.Release|Any CPU.Build.0 = Release|Any CPU
		{ADB5B7EC-F4A2-4142-ADA2-EBE884D18F6D}.Release|x64.ActiveCfg = Release|Any CPU
		{ADB5B7EC-F4A2-4142-ADA2-EBE884D18F6D}.Release|x64.Build.0 = Release|Any CPU
		{ADB5B7EC-F4A2-4142-ADA2-EBE884D18F6D}.Release|x86.ActiveCfg = Release|Any CPU
		{ADB5B7EC-F4A2-4142-ADA2-EBE884D18F6D}.Release|x86.Build.0 = Release|Any CPU
		{0678850C-2704-4BE8-8914-86CA1E1B6CD9}.Debug|Any CPU.ActiveCfg = Debug|Any CPU
		{0678850C-2704-4BE8-8914-86CA1E1B6CD9}.Debug|Any CPU.Build.0 = Debug|Any CPU
		{0678850C-2704-4BE8-8914-86CA1E1B6CD9}.Debug|x64.ActiveCfg = Debug|Any CPU
		{0678850C-2704-4BE8-8914-86CA1E1B6CD9}.Debug|x64.Build.0 = Debug|Any CPU
		{0678850C-2704-4BE8-8914-86CA1E1B6CD9}.Debug|x86.ActiveCfg = Debug|Any CPU
		{0678850C-2704-4BE8-8914-86CA1E1B6CD9}.Debug|x86.Build.0 = Debug|Any CPU
		{0678850C-2704-4BE8-8914-86CA1E1B6CD9}.Release|Any CPU.ActiveCfg = Release|Any CPU
		{0678850C-2704-4BE8-8914-86CA1E1B6CD9}.Release|Any CPU.Build.0 = Release|Any CPU
		{0678850C-2704-4BE8-8914-86CA1E1B6CD9}.Release|x64.ActiveCfg = Release|Any CPU
		{0678850C-2704-4BE8-8914-86CA1E1B6CD9}.Release|x64.Build.0 = Release|Any CPU
		{0678850C-2704-4BE8-8914-86CA1E1B6CD9}.Release|x86.ActiveCfg = Release|Any CPU
		{0678850C-2704-4BE8-8914-86CA1E1B6CD9}.Release|x86.Build.0 = Release|Any CPU
		{5E2A42AF-7226-45F9-BF2A-FF4C111149D9}.Debug|Any CPU.ActiveCfg = Debug|Any CPU
		{5E2A42AF-7226-45F9-BF2A-FF4C111149D9}.Debug|Any CPU.Build.0 = Debug|Any CPU
		{5E2A42AF-7226-45F9-BF2A-FF4C111149D9}.Debug|x64.ActiveCfg = Debug|Any CPU
		{5E2A42AF-7226-45F9-BF2A-FF4C111149D9}.Debug|x64.Build.0 = Debug|Any CPU
		{5E2A42AF-7226-45F9-BF2A-FF4C111149D9}.Debug|x86.ActiveCfg = Debug|Any CPU
		{5E2A42AF-7226-45F9-BF2A-FF4C111149D9}.Debug|x86.Build.0 = Debug|Any CPU
		{5E2A42AF-7226-45F9-BF2A-FF4C111149D9}.Release|Any CPU.ActiveCfg = Release|Any CPU
		{5E2A42AF-7226-45F9-BF2A-FF4C111149D9}.Release|Any CPU.Build.0 = Release|Any CPU
		{5E2A42AF-7226-45F9-BF2A-FF4C111149D9}.Release|x64.ActiveCfg = Release|Any CPU
		{5E2A42AF-7226-45F9-BF2A-FF4C111149D9}.Release|x64.Build.0 = Release|Any CPU
		{5E2A42AF-7226-45F9-BF2A-FF4C111149D9}.Release|x86.ActiveCfg = Release|Any CPU
		{5E2A42AF-7226-45F9-BF2A-FF4C111149D9}.Release|x86.Build.0 = Release|Any CPU
		{390360AB-67BB-404A-8DBB-134B7235A123}.Debug|Any CPU.ActiveCfg = Debug|Any CPU
		{390360AB-67BB-404A-8DBB-134B7235A123}.Debug|Any CPU.Build.0 = Debug|Any CPU
		{390360AB-67BB-404A-8DBB-134B7235A123}.Debug|x64.ActiveCfg = Debug|Any CPU
		{390360AB-67BB-404A-8DBB-134B7235A123}.Debug|x64.Build.0 = Debug|Any CPU
		{390360AB-67BB-404A-8DBB-134B7235A123}.Debug|x86.ActiveCfg = Debug|Any CPU
		{390360AB-67BB-404A-8DBB-134B7235A123}.Debug|x86.Build.0 = Debug|Any CPU
		{390360AB-67BB-404A-8DBB-134B7235A123}.Release|Any CPU.ActiveCfg = Release|Any CPU
		{390360AB-67BB-404A-8DBB-134B7235A123}.Release|Any CPU.Build.0 = Release|Any CPU
		{390360AB-67BB-404A-8DBB-134B7235A123}.Release|x64.ActiveCfg = Release|Any CPU
		{390360AB-67BB-404A-8DBB-134B7235A123}.Release|x64.Build.0 = Release|Any CPU
		{390360AB-67BB-404A-8DBB-134B7235A123}.Release|x86.ActiveCfg = Release|Any CPU
		{390360AB-67BB-404A-8DBB-134B7235A123}.Release|x86.Build.0 = Release|Any CPU
		{9DF4B618-292B-4C4F-9B0C-CAAC25A3E42A}.Debug|Any CPU.ActiveCfg = Debug|Any CPU
		{9DF4B618-292B-4C4F-9B0C-CAAC25A3E42A}.Debug|Any CPU.Build.0 = Debug|Any CPU
		{9DF4B618-292B-4C4F-9B0C-CAAC25A3E42A}.Debug|x64.ActiveCfg = Debug|Any CPU
		{9DF4B618-292B-4C4F-9B0C-CAAC25A3E42A}.Debug|x64.Build.0 = Debug|Any CPU
		{9DF4B618-292B-4C4F-9B0C-CAAC25A3E42A}.Debug|x86.ActiveCfg = Debug|Any CPU
		{9DF4B618-292B-4C4F-9B0C-CAAC25A3E42A}.Debug|x86.Build.0 = Debug|Any CPU
		{9DF4B618-292B-4C4F-9B0C-CAAC25A3E42A}.Release|Any CPU.ActiveCfg = Release|Any CPU
		{9DF4B618-292B-4C4F-9B0C-CAAC25A3E42A}.Release|Any CPU.Build.0 = Release|Any CPU
		{9DF4B618-292B-4C4F-9B0C-CAAC25A3E42A}.Release|x64.ActiveCfg = Release|Any CPU
		{9DF4B618-292B-4C4F-9B0C-CAAC25A3E42A}.Release|x64.Build.0 = Release|Any CPU
		{9DF4B618-292B-4C4F-9B0C-CAAC25A3E42A}.Release|x86.ActiveCfg = Release|Any CPU
		{9DF4B618-292B-4C4F-9B0C-CAAC25A3E42A}.Release|x86.Build.0 = Release|Any CPU
	EndGlobalSection
	GlobalSection(SolutionProperties) = preSolution
		HideSolutionNode = FALSE
	EndGlobalSection
	GlobalSection(ExtensibilityGlobals) = postSolution
		SolutionGuid = {53C17581-4A24-4949-9B10-A58C31E17ADD}
	EndGlobalSection
EndGlobal
